
Microsoft Visual Studio Solution File, Format Version 12.00
# Visual Studio Version 17
VisualStudioVersion = 17.14.36202.13
MinimumVisualStudioVersion = 10.0.40219.1
Project("{FAE04EC0-301F-11D3-BF4B-00C04F79EFBC}") = "TaskDisc", "TaskDisc\TaskDisc.csproj", "{AB3D3355-8BF9-4677-A7AB-51C05C88D950}"
EndProject
Project("{54A90642-561A-4BB1-A94E-469ADEE60C69}") = "ModalDiscord", "ModalDiscord\ModalDiscord.esproj", "{F78FDCAB-1133-0BDA-3A98-8A3970FA48CB}"
EndProject
Project("{FAE04EC0-301F-11D3-BF4B-00C04F79EFBC}") = "Tests", "Testes\Tests.csproj", "{21A7034F-8F5E-4A07-B8A9-DDBB886D66FE}"
EndProject
Global
	GlobalSection(SolutionConfigurationPlatforms) = preSolution
		Debug|Any CPU = Debug|Any CPU
		Release|Any CPU = Release|Any CPU
	EndGlobalSection
	GlobalSection(ProjectConfigurationPlatforms) = postSolution
		{AB3D3355-8BF9-4677-A7AB-51C05C88D950}.Debug|Any CPU.ActiveCfg = Debug|Any CPU
		{AB3D3355-8BF9-4677-A7AB-51C05C88D950}.Debug|Any CPU.Build.0 = Debug|Any CPU
		{AB3D3355-8BF9-4677-A7AB-51C05C88D950}.Release|Any CPU.ActiveCfg = Release|Any CPU
		{AB3D3355-8BF9-4677-A7AB-51C05C88D950}.Release|Any CPU.Build.0 = Release|Any CPU
		{F78FDCAB-1133-0BDA-3A98-8A3970FA48CB}.Debug|Any CPU.ActiveCfg = Debug|Any CPU
		{F78FDCAB-1133-0BDA-3A98-8A3970FA48CB}.Debug|Any CPU.Build.0 = Debug|Any CPU
		{F78FDCAB-1133-0BDA-3A98-8A3970FA48CB}.Debug|Any CPU.Deploy.0 = Debug|Any CPU
		{F78FDCAB-1133-0BDA-3A98-8A3970FA48CB}.Release|Any CPU.ActiveCfg = Release|Any CPU
		{F78FDCAB-1133-0BDA-3A98-8A3970FA48CB}.Release|Any CPU.Build.0 = Release|Any CPU
		{F78FDCAB-1133-0BDA-3A98-8A3970FA48CB}.Release|Any CPU.Deploy.0 = Release|Any CPU
		{21A7034F-8F5E-4A07-B8A9-DDBB886D66FE}.Debug|Any CPU.ActiveCfg = Debug|Any CPU
		{21A7034F-8F5E-4A07-B8A9-DDBB886D66FE}.Debug|Any CPU.Build.0 = Debug|Any CPU
		{21A7034F-8F5E-4A07-B8A9-DDBB886D66FE}.Release|Any CPU.ActiveCfg = Release|Any CPU
		{21A7034F-8F5E-4A07-B8A9-DDBB886D66FE}.Release|Any CPU.Build.0 = Release|Any CPU
	EndGlobalSection
	GlobalSection(SolutionProperties) = preSolution
		HideSolutionNode = FALSE
	EndGlobalSection
	GlobalSection(ExtensibilityGlobals) = postSolution
		SolutionGuid = {49B9C23A-1C5D-4DF3-A7EE-0BC66232F96B}
	EndGlobalSection
EndGlobal
